
Microsoft Visual Studio Solution File, Format Version 12.00
# Visual Studio Version 16
VisualStudioVersion = 16.0.30330.147
MinimumVisualStudioVersion = 10.0.40219.1
Project("{FAE04EC0-301F-11D3-BF4B-00C04F79EFBC}") = "LSLib", "LSLib\LSLib.csproj", "{46372C50-4288-4B8E-AF21-C934560600E0}"
EndProject
Project("{FAE04EC0-301F-11D3-BF4B-00C04F79EFBC}") = "CEMerge", "CEMerge\CEMerge.csproj", "{1D94BF62-1E46-449E-8708-00088E66FE55}"
EndProject
Global
	GlobalSection(SolutionConfigurationPlatforms) = preSolution
		Debug|Any CPU = Debug|Any CPU
		Debug|x64 = Debug|x64
		Release|Any CPU = Release|Any CPU
		Release|x64 = Release|x64
		RelWithDebInfo|Any CPU = RelWithDebInfo|Any CPU
		RelWithDebInfo|x64 = RelWithDebInfo|x64
	EndGlobalSection
	GlobalSection(ProjectConfigurationPlatforms) = postSolution
		{46372C50-4288-4B8E-AF21-C934560600E0}.Debug|x64.ActiveCfg = Debug|Any CPU
		{46372C50-4288-4B8E-AF21-C934560600E0}.Debug|x64.Build.0 = Debug|Any CPU
		{46372C50-4288-4B8E-AF21-C934560600E0}.Release|Any CPU.ActiveCfg = Release|Any CPU
		{46372C50-4288-4B8E-AF21-C934560600E0}.Release|Any CPU.Build.0 = Release|Any CPU
		{46372C50-4288-4B8E-AF21-C934560600E0}.Release|x64.ActiveCfg = Release|Any CPU
		{46372C50-4288-4B8E-AF21-C934560600E0}.Release|x64.Build.0 = Release|Any CPU
		{46372C50-4288-4B8E-AF21-C934560600E0}.RelWithDebInfo|Any CPU.ActiveCfg = Release|Any CPU
		{46372C50-4288-4B8E-AF21-C934560600E0}.RelWithDebInfo|Any CPU.Build.0 = Release|Any CPU
		{46372C50-4288-4B8E-AF21-C934560600E0}.RelWithDebInfo|x64.ActiveCfg = Release|Any CPU
		{46372C50-4288-4B8E-AF21-C934560600E0}.RelWithDebInfo|x64.Build.0 = Release|Any CPU
		{46372C50-4288-4B8E-AF21-C934560600E0}.Debug|Any CPU.ActiveCfg = Release|Any CPU
		{46372C50-4288-4B8E-AF21-C934560600E0}.Debug|Any CPU.Build.0 = Release|Any CPU
		{1D94BF62-1E46-449E-8708-00088E66FE55}.Debug|Any CPU.ActiveCfg = Debug|Any CPU
		{1D94BF62-1E46-449E-8708-00088E66FE55}.Debug|Any CPU.Build.0 = Debug|Any CPU
		{1D94BF62-1E46-449E-8708-00088E66FE55}.Debug|x64.ActiveCfg = Debug|Any CPU
		{1D94BF62-1E46-449E-8708-00088E66FE55}.Debug|x64.Build.0 = Debug|Any CPU
		{1D94BF62-1E46-449E-8708-00088E66FE55}.Release|Any CPU.ActiveCfg = Release|Any CPU
		{1D94BF62-1E46-449E-8708-00088E66FE55}.Release|Any CPU.Build.0 = Release|Any CPU
		{1D94BF62-1E46-449E-8708-00088E66FE55}.Release|x64.ActiveCfg = Release|Any CPU
		{1D94BF62-1E46-449E-8708-00088E66FE55}.Release|x64.Build.0 = Release|Any CPU
		{1D94BF62-1E46-449E-8708-00088E66FE55}.RelWithDebInfo|Any CPU.ActiveCfg = Debug|Any CPU
		{1D94BF62-1E46-449E-8708-00088E66FE55}.RelWithDebInfo|Any CPU.Build.0 = Debug|Any CPU
		{1D94BF62-1E46-449E-8708-00088E66FE55}.RelWithDebInfo|x64.ActiveCfg = Debug|Any CPU
		{1D94BF62-1E46-449E-8708-00088E66FE55}.RelWithDebInfo|x64.Build.0 = Debug|Any CPU
	EndGlobalSection
	GlobalSection(SolutionProperties) = preSolution
		HideSolutionNode = FALSE
	EndGlobalSection
	GlobalSection(ExtensibilityGlobals) = postSolution
		SolutionGuid = {2CCBBA64-DB08-4DC9-B08A-2F13F0733AAC}
	EndGlobalSection
EndGlobal
